// !$*UTF8*$!
{
	archiveVersion = 1;
	classes = {
	};
	objectVersion = 46;
	objects = {

/* Begin PBXBuildFile section */
		4F7C3D4C187E5C8B003E290D /* CBGaspRestaurants.m in Sources */ = {isa = PBXBuildFile; fileRef = 4F7C3D4B187E5C8B003E290D /* CBGaspRestaurants.m */; };
		4F7C3D4F187F4800003E290D /* CBGaspReviews.m in Sources */ = {isa = PBXBuildFile; fileRef = 4F7C3D4E187F4800003E290D /* CBGaspReviews.m */; };
		4F7C3D52187F60A3003E290D /* CBGaspUsers.m in Sources */ = {isa = PBXBuildFile; fileRef = 4F7C3D51187F60A3003E290D /* CBGaspUsers.m */; };
		4F7C3D5518876906003E290D /* CBGaspPlaces.m in Sources */ = {isa = PBXBuildFile; fileRef = 4F7C3D5418876906003E290D /* CBGaspPlaces.m */; };
		4FC7B888187E2A0700D2B8D7 /* Foundation.framework in Frameworks */ = {isa = PBXBuildFile; fileRef = 4FC7B887187E2A0700D2B8D7 /* Foundation.framework */; };
		4FC7B88A187E2A0700D2B8D7 /* CoreGraphics.framework in Frameworks */ = {isa = PBXBuildFile; fileRef = 4FC7B889187E2A0700D2B8D7 /* CoreGraphics.framework */; };
		4FC7B88C187E2A0700D2B8D7 /* UIKit.framework in Frameworks */ = {isa = PBXBuildFile; fileRef = 4FC7B88B187E2A0700D2B8D7 /* UIKit.framework */; };
		4FC7B892187E2A0700D2B8D7 /* InfoPlist.strings in Resources */ = {isa = PBXBuildFile; fileRef = 4FC7B890187E2A0700D2B8D7 /* InfoPlist.strings */; };
		4FC7B894187E2A0700D2B8D7 /* main.m in Sources */ = {isa = PBXBuildFile; fileRef = 4FC7B893187E2A0700D2B8D7 /* main.m */; };
		4FC7B898187E2A0700D2B8D7 /* CBAppDelegate.m in Sources */ = {isa = PBXBuildFile; fileRef = 4FC7B897187E2A0700D2B8D7 /* CBAppDelegate.m */; };
		4FC7B89B187E2A0700D2B8D7 /* Main_iPhone.storyboard in Resources */ = {isa = PBXBuildFile; fileRef = 4FC7B899187E2A0700D2B8D7 /* Main_iPhone.storyboard */; };
		4FC7B89E187E2A0700D2B8D7 /* Main_iPad.storyboard in Resources */ = {isa = PBXBuildFile; fileRef = 4FC7B89C187E2A0700D2B8D7 /* Main_iPad.storyboard */; };
		4FC7B8A1187E2A0700D2B8D7 /* CBViewController.m in Sources */ = {isa = PBXBuildFile; fileRef = 4FC7B8A0187E2A0700D2B8D7 /* CBViewController.m */; };
		4FC7B8A3187E2A0700D2B8D7 /* Images.xcassets in Resources */ = {isa = PBXBuildFile; fileRef = 4FC7B8A2187E2A0700D2B8D7 /* Images.xcassets */; };
		4FC7B8AA187E2A0700D2B8D7 /* XCTest.framework in Frameworks */ = {isa = PBXBuildFile; fileRef = 4FC7B8A9187E2A0700D2B8D7 /* XCTest.framework */; };
		4FC7B8AB187E2A0700D2B8D7 /* Foundation.framework in Frameworks */ = {isa = PBXBuildFile; fileRef = 4FC7B887187E2A0700D2B8D7 /* Foundation.framework */; };
		4FC7B8AC187E2A0700D2B8D7 /* UIKit.framework in Frameworks */ = {isa = PBXBuildFile; fileRef = 4FC7B88B187E2A0700D2B8D7 /* UIKit.framework */; };
		4FC7B8B4187E2A0700D2B8D7 /* InfoPlist.strings in Resources */ = {isa = PBXBuildFile; fileRef = 4FC7B8B2187E2A0700D2B8D7 /* InfoPlist.strings */; };
		4FC7B8B6187E2A0700D2B8D7 /* gaspTests.m in Sources */ = {isa = PBXBuildFile; fileRef = 4FC7B8B5187E2A0700D2B8D7 /* gaspTests.m */; };
		4FC7B8C0187E2A4600D2B8D7 /* GoogleMaps.framework in Frameworks */ = {isa = PBXBuildFile; fileRef = 4FC7B8BF187E2A4600D2B8D7 /* GoogleMaps.framework */; };
		4FC7B8C2187E2A5B00D2B8D7 /* AVFoundation.framework in Frameworks */ = {isa = PBXBuildFile; fileRef = 4FC7B8C1187E2A5B00D2B8D7 /* AVFoundation.framework */; };
		4FC7B8C4187E2A6300D2B8D7 /* CoreData.framework in Frameworks */ = {isa = PBXBuildFile; fileRef = 4FC7B8C3187E2A6300D2B8D7 /* CoreData.framework */; };
		4FC7B8C6187E2A6800D2B8D7 /* CoreLocation.framework in Frameworks */ = {isa = PBXBuildFile; fileRef = 4FC7B8C5187E2A6800D2B8D7 /* CoreLocation.framework */; };
		4FC7B8C8187E2A7100D2B8D7 /* CoreText.framework in Frameworks */ = {isa = PBXBuildFile; fileRef = 4FC7B8C7187E2A7100D2B8D7 /* CoreText.framework */; };
		4FC7B8CA187E2A7800D2B8D7 /* GLKit.framework in Frameworks */ = {isa = PBXBuildFile; fileRef = 4FC7B8C9187E2A7800D2B8D7 /* GLKit.framework */; };
		4FC7B8CC187E2A7F00D2B8D7 /* ImageIO.framework in Frameworks */ = {isa = PBXBuildFile; fileRef = 4FC7B8CB187E2A7F00D2B8D7 /* ImageIO.framework */; };
		4FC7B8CE187E2A8D00D2B8D7 /* libc++.dylib in Frameworks */ = {isa = PBXBuildFile; fileRef = 4FC7B8CD187E2A8D00D2B8D7 /* libc++.dylib */; };
		4FC7B8D0187E2AAB00D2B8D7 /* libicucore.dylib in Frameworks */ = {isa = PBXBuildFile; fileRef = 4FC7B8CF187E2AAB00D2B8D7 /* libicucore.dylib */; };
		4FC7B8D2187E2AB700D2B8D7 /* libz.dylib in Frameworks */ = {isa = PBXBuildFile; fileRef = 4FC7B8D1187E2AB700D2B8D7 /* libz.dylib */; };
		4FC7B8D4187E2AC700D2B8D7 /* OpenGLES.framework in Frameworks */ = {isa = PBXBuildFile; fileRef = 4FC7B8D3187E2AC700D2B8D7 /* OpenGLES.framework */; };
		4FC7B8D6187E2AD000D2B8D7 /* QuartzCore.framework in Frameworks */ = {isa = PBXBuildFile; fileRef = 4FC7B8D5187E2AD000D2B8D7 /* QuartzCore.framework */; };
		4FC7B8D8187E2AD900D2B8D7 /* SystemConfiguration.framework in Frameworks */ = {isa = PBXBuildFile; fileRef = 4FC7B8D7187E2AD900D2B8D7 /* SystemConfiguration.framework */; };
		4FC7B8DA187E2EC200D2B8D7 /* GoogleMaps.bundle in Resources */ = {isa = PBXBuildFile; fileRef = 4FC7B8D9187E2EC200D2B8D7 /* GoogleMaps.bundle */; };
/* End PBXBuildFile section */

/* Begin PBXContainerItemProxy section */
		4FC7B8AD187E2A0700D2B8D7 /* PBXContainerItemProxy */ = {
			isa = PBXContainerItemProxy;
			containerPortal = 4FC7B87C187E2A0600D2B8D7 /* Project object */;
			proxyType = 1;
			remoteGlobalIDString = 4FC7B883187E2A0700D2B8D7;
			remoteInfo = gasp;
		};
/* End PBXContainerItemProxy section */

/* Begin PBXFileReference section */
		4F7C3D4A187E5C8B003E290D /* CBGaspRestaurants.h */ = {isa = PBXFileReference; fileEncoding = 4; lastKnownFileType = sourcecode.c.h; path = CBGaspRestaurants.h; sourceTree = "<group>"; };
		4F7C3D4B187E5C8B003E290D /* CBGaspRestaurants.m */ = {isa = PBXFileReference; fileEncoding = 4; lastKnownFileType = sourcecode.c.objc; path = CBGaspRestaurants.m; sourceTree = "<group>"; };
		4F7C3D4D187F4800003E290D /* CBGaspReviews.h */ = {isa = PBXFileReference; fileEncoding = 4; lastKnownFileType = sourcecode.c.h; path = CBGaspReviews.h; sourceTree = "<group>"; };
		4F7C3D4E187F4800003E290D /* CBGaspReviews.m */ = {isa = PBXFileReference; fileEncoding = 4; lastKnownFileType = sourcecode.c.objc; path = CBGaspReviews.m; sourceTree = "<group>"; };
		4F7C3D50187F60A3003E290D /* CBGaspUsers.h */ = {isa = PBXFileReference; fileEncoding = 4; lastKnownFileType = sourcecode.c.h; path = CBGaspUsers.h; sourceTree = "<group>"; };
		4F7C3D51187F60A3003E290D /* CBGaspUsers.m */ = {isa = PBXFileReference; fileEncoding = 4; lastKnownFileType = sourcecode.c.objc; path = CBGaspUsers.m; sourceTree = "<group>"; };
		4F7C3D5318876906003E290D /* CBGaspPlaces.h */ = {isa = PBXFileReference; fileEncoding = 4; lastKnownFileType = sourcecode.c.h; path = CBGaspPlaces.h; sourceTree = "<group>"; };
		4F7C3D5418876906003E290D /* CBGaspPlaces.m */ = {isa = PBXFileReference; fileEncoding = 4; lastKnownFileType = sourcecode.c.objc; path = CBGaspPlaces.m; sourceTree = "<group>"; };
		4FC7B884187E2A0700D2B8D7 /* gasp.app */ = {isa = PBXFileReference; explicitFileType = wrapper.application; includeInIndex = 0; path = gasp.app; sourceTree = BUILT_PRODUCTS_DIR; };
		4FC7B887187E2A0700D2B8D7 /* Foundation.framework */ = {isa = PBXFileReference; lastKnownFileType = wrapper.framework; name = Foundation.framework; path = System/Library/Frameworks/Foundation.framework; sourceTree = SDKROOT; };
		4FC7B889187E2A0700D2B8D7 /* CoreGraphics.framework */ = {isa = PBXFileReference; lastKnownFileType = wrapper.framework; name = CoreGraphics.framework; path = System/Library/Frameworks/CoreGraphics.framework; sourceTree = SDKROOT; };
		4FC7B88B187E2A0700D2B8D7 /* UIKit.framework */ = {isa = PBXFileReference; lastKnownFileType = wrapper.framework; name = UIKit.framework; path = System/Library/Frameworks/UIKit.framework; sourceTree = SDKROOT; };
		4FC7B88F187E2A0700D2B8D7 /* gasp-Info.plist */ = {isa = PBXFileReference; lastKnownFileType = text.plist.xml; path = "gasp-Info.plist"; sourceTree = "<group>"; };
		4FC7B891187E2A0700D2B8D7 /* en */ = {isa = PBXFileReference; lastKnownFileType = text.plist.strings; name = en; path = en.lproj/InfoPlist.strings; sourceTree = "<group>"; };
		4FC7B893187E2A0700D2B8D7 /* main.m */ = {isa = PBXFileReference; lastKnownFileType = sourcecode.c.objc; path = main.m; sourceTree = "<group>"; };
		4FC7B895187E2A0700D2B8D7 /* gasp-Prefix.pch */ = {isa = PBXFileReference; lastKnownFileType = sourcecode.c.h; path = "gasp-Prefix.pch"; sourceTree = "<group>"; };
		4FC7B896187E2A0700D2B8D7 /* CBAppDelegate.h */ = {isa = PBXFileReference; lastKnownFileType = sourcecode.c.h; path = CBAppDelegate.h; sourceTree = "<group>"; };
		4FC7B897187E2A0700D2B8D7 /* CBAppDelegate.m */ = {isa = PBXFileReference; lastKnownFileType = sourcecode.c.objc; path = CBAppDelegate.m; sourceTree = "<group>"; };
		4FC7B89A187E2A0700D2B8D7 /* Base */ = {isa = PBXFileReference; lastKnownFileType = file.storyboard; name = Base; path = Base.lproj/Main_iPhone.storyboard; sourceTree = "<group>"; };
		4FC7B89D187E2A0700D2B8D7 /* Base */ = {isa = PBXFileReference; lastKnownFileType = file.storyboard; name = Base; path = Base.lproj/Main_iPad.storyboard; sourceTree = "<group>"; };
		4FC7B89F187E2A0700D2B8D7 /* CBViewController.h */ = {isa = PBXFileReference; lastKnownFileType = sourcecode.c.h; path = CBViewController.h; sourceTree = "<group>"; };
		4FC7B8A0187E2A0700D2B8D7 /* CBViewController.m */ = {isa = PBXFileReference; lastKnownFileType = sourcecode.c.objc; path = CBViewController.m; sourceTree = "<group>"; };
		4FC7B8A2187E2A0700D2B8D7 /* Images.xcassets */ = {isa = PBXFileReference; lastKnownFileType = folder.assetcatalog; path = Images.xcassets; sourceTree = "<group>"; };
		4FC7B8A8187E2A0700D2B8D7 /* gaspTests.xctest */ = {isa = PBXFileReference; explicitFileType = wrapper.cfbundle; includeInIndex = 0; path = gaspTests.xctest; sourceTree = BUILT_PRODUCTS_DIR; };
		4FC7B8A9187E2A0700D2B8D7 /* XCTest.framework */ = {isa = PBXFileReference; lastKnownFileType = wrapper.framework; name = XCTest.framework; path = Library/Frameworks/XCTest.framework; sourceTree = DEVELOPER_DIR; };
		4FC7B8B1187E2A0700D2B8D7 /* gaspTests-Info.plist */ = {isa = PBXFileReference; lastKnownFileType = text.plist.xml; path = "gaspTests-Info.plist"; sourceTree = "<group>"; };
		4FC7B8B3187E2A0700D2B8D7 /* en */ = {isa = PBXFileReference; lastKnownFileType = text.plist.strings; name = en; path = en.lproj/InfoPlist.strings; sourceTree = "<group>"; };
		4FC7B8B5187E2A0700D2B8D7 /* gaspTests.m */ = {isa = PBXFileReference; lastKnownFileType = sourcecode.c.objc; path = gaspTests.m; sourceTree = "<group>"; };
		4FC7B8BF187E2A4600D2B8D7 /* GoogleMaps.framework */ = {isa = PBXFileReference; lastKnownFileType = wrapper.framework; path = GoogleMaps.framework; sourceTree = "<group>"; };
		4FC7B8C1187E2A5B00D2B8D7 /* AVFoundation.framework */ = {isa = PBXFileReference; lastKnownFileType = wrapper.framework; name = AVFoundation.framework; path = System/Library/Frameworks/AVFoundation.framework; sourceTree = SDKROOT; };
		4FC7B8C3187E2A6300D2B8D7 /* CoreData.framework */ = {isa = PBXFileReference; lastKnownFileType = wrapper.framework; name = CoreData.framework; path = System/Library/Frameworks/CoreData.framework; sourceTree = SDKROOT; };
		4FC7B8C5187E2A6800D2B8D7 /* CoreLocation.framework */ = {isa = PBXFileReference; lastKnownFileType = wrapper.framework; name = CoreLocation.framework; path = System/Library/Frameworks/CoreLocation.framework; sourceTree = SDKROOT; };
		4FC7B8C7187E2A7100D2B8D7 /* CoreText.framework */ = {isa = PBXFileReference; lastKnownFileType = wrapper.framework; name = CoreText.framework; path = System/Library/Frameworks/CoreText.framework; sourceTree = SDKROOT; };
		4FC7B8C9187E2A7800D2B8D7 /* GLKit.framework */ = {isa = PBXFileReference; lastKnownFileType = wrapper.framework; name = GLKit.framework; path = System/Library/Frameworks/GLKit.framework; sourceTree = SDKROOT; };
		4FC7B8CB187E2A7F00D2B8D7 /* ImageIO.framework */ = {isa = PBXFileReference; lastKnownFileType = wrapper.framework; name = ImageIO.framework; path = System/Library/Frameworks/ImageIO.framework; sourceTree = SDKROOT; };
		4FC7B8CD187E2A8D00D2B8D7 /* libc++.dylib */ = {isa = PBXFileReference; lastKnownFileType = "compiled.mach-o.dylib"; name = "libc++.dylib"; path = "usr/lib/libc++.dylib"; sourceTree = SDKROOT; };
		4FC7B8CF187E2AAB00D2B8D7 /* libicucore.dylib */ = {isa = PBXFileReference; lastKnownFileType = "compiled.mach-o.dylib"; name = libicucore.dylib; path = usr/lib/libicucore.dylib; sourceTree = SDKROOT; };
		4FC7B8D1187E2AB700D2B8D7 /* libz.dylib */ = {isa = PBXFileReference; lastKnownFileType = "compiled.mach-o.dylib"; name = libz.dylib; path = usr/lib/libz.dylib; sourceTree = SDKROOT; };
		4FC7B8D3187E2AC700D2B8D7 /* OpenGLES.framework */ = {isa = PBXFileReference; lastKnownFileType = wrapper.framework; name = OpenGLES.framework; path = System/Library/Frameworks/OpenGLES.framework; sourceTree = SDKROOT; };
		4FC7B8D5187E2AD000D2B8D7 /* QuartzCore.framework */ = {isa = PBXFileReference; lastKnownFileType = wrapper.framework; name = QuartzCore.framework; path = System/Library/Frameworks/QuartzCore.framework; sourceTree = SDKROOT; };
		4FC7B8D7187E2AD900D2B8D7 /* SystemConfiguration.framework */ = {isa = PBXFileReference; lastKnownFileType = wrapper.framework; name = SystemConfiguration.framework; path = System/Library/Frameworks/SystemConfiguration.framework; sourceTree = SDKROOT; };
		4FC7B8D9187E2EC200D2B8D7 /* GoogleMaps.bundle */ = {isa = PBXFileReference; lastKnownFileType = "wrapper.plug-in"; name = GoogleMaps.bundle; path = "../../../GoogleMaps-iOS-1.6.1/GoogleMaps.framework/Versions/A/Resources/GoogleMaps.bundle"; sourceTree = "<group>"; };
/* End PBXFileReference section */

/* Begin PBXFrameworksBuildPhase section */
		4FC7B881187E2A0700D2B8D7 /* Frameworks */ = {
			isa = PBXFrameworksBuildPhase;
			buildActionMask = 2147483647;
			files = (
				4FC7B8D8187E2AD900D2B8D7 /* SystemConfiguration.framework in Frameworks */,
				4FC7B8D6187E2AD000D2B8D7 /* QuartzCore.framework in Frameworks */,
				4FC7B8D4187E2AC700D2B8D7 /* OpenGLES.framework in Frameworks */,
				4FC7B8D2187E2AB700D2B8D7 /* libz.dylib in Frameworks */,
				4FC7B8D0187E2AAB00D2B8D7 /* libicucore.dylib in Frameworks */,
				4FC7B8CE187E2A8D00D2B8D7 /* libc++.dylib in Frameworks */,
				4FC7B8CC187E2A7F00D2B8D7 /* ImageIO.framework in Frameworks */,
				4FC7B8CA187E2A7800D2B8D7 /* GLKit.framework in Frameworks */,
				4FC7B8C8187E2A7100D2B8D7 /* CoreText.framework in Frameworks */,
				4FC7B8C6187E2A6800D2B8D7 /* CoreLocation.framework in Frameworks */,
				4FC7B8C4187E2A6300D2B8D7 /* CoreData.framework in Frameworks */,
				4FC7B8C2187E2A5B00D2B8D7 /* AVFoundation.framework in Frameworks */,
				4FC7B88A187E2A0700D2B8D7 /* CoreGraphics.framework in Frameworks */,
				4FC7B88C187E2A0700D2B8D7 /* UIKit.framework in Frameworks */,
				4FC7B8C0187E2A4600D2B8D7 /* GoogleMaps.framework in Frameworks */,
				4FC7B888187E2A0700D2B8D7 /* Foundation.framework in Frameworks */,
			);
			runOnlyForDeploymentPostprocessing = 0;
		};
		4FC7B8A5187E2A0700D2B8D7 /* Frameworks */ = {
			isa = PBXFrameworksBuildPhase;
			buildActionMask = 2147483647;
			files = (
				4FC7B8AA187E2A0700D2B8D7 /* XCTest.framework in Frameworks */,
				4FC7B8AC187E2A0700D2B8D7 /* UIKit.framework in Frameworks */,
				4FC7B8AB187E2A0700D2B8D7 /* Foundation.framework in Frameworks */,
			);
			runOnlyForDeploymentPostprocessing = 0;
		};
/* End PBXFrameworksBuildPhase section */

/* Begin PBXGroup section */
		4FC7B87B187E2A0600D2B8D7 = {
			isa = PBXGroup;
			children = (
				4FC7B88D187E2A0700D2B8D7 /* gasp */,
				4FC7B8AF187E2A0700D2B8D7 /* gaspTests */,
				4FC7B886187E2A0700D2B8D7 /* Frameworks */,
				4FC7B885187E2A0700D2B8D7 /* Products */,
			);
			sourceTree = "<group>";
		};
		4FC7B885187E2A0700D2B8D7 /* Products */ = {
			isa = PBXGroup;
			children = (
				4FC7B884187E2A0700D2B8D7 /* gasp.app */,
				4FC7B8A8187E2A0700D2B8D7 /* gaspTests.xctest */,
			);
			name = Products;
			sourceTree = "<group>";
		};
		4FC7B886187E2A0700D2B8D7 /* Frameworks */ = {
			isa = PBXGroup;
			children = (
				4FC7B8CF187E2AAB00D2B8D7 /* libicucore.dylib */,
				4FC7B8CD187E2A8D00D2B8D7 /* libc++.dylib */,
				4FC7B8D1187E2AB700D2B8D7 /* libz.dylib */,
				4FC7B8D9187E2EC200D2B8D7 /* GoogleMaps.bundle */,
				4FC7B8D7187E2AD900D2B8D7 /* SystemConfiguration.framework */,
				4FC7B8D5187E2AD000D2B8D7 /* QuartzCore.framework */,
				4FC7B8D3187E2AC700D2B8D7 /* OpenGLES.framework */,
				4FC7B8CB187E2A7F00D2B8D7 /* ImageIO.framework */,
				4FC7B8C9187E2A7800D2B8D7 /* GLKit.framework */,
				4FC7B8C7187E2A7100D2B8D7 /* CoreText.framework */,
				4FC7B8C5187E2A6800D2B8D7 /* CoreLocation.framework */,
				4FC7B8C3187E2A6300D2B8D7 /* CoreData.framework */,
				4FC7B8C1187E2A5B00D2B8D7 /* AVFoundation.framework */,
				4FC7B8BF187E2A4600D2B8D7 /* GoogleMaps.framework */,
				4FC7B887187E2A0700D2B8D7 /* Foundation.framework */,
				4FC7B889187E2A0700D2B8D7 /* CoreGraphics.framework */,
				4FC7B88B187E2A0700D2B8D7 /* UIKit.framework */,
				4FC7B8A9187E2A0700D2B8D7 /* XCTest.framework */,
			);
			name = Frameworks;
			sourceTree = "<group>";
		};
		4FC7B88D187E2A0700D2B8D7 /* gasp */ = {
			isa = PBXGroup;
			children = (
				4FC7B896187E2A0700D2B8D7 /* CBAppDelegate.h */,
				4FC7B897187E2A0700D2B8D7 /* CBAppDelegate.m */,
				4FC7B899187E2A0700D2B8D7 /* Main_iPhone.storyboard */,
				4FC7B89C187E2A0700D2B8D7 /* Main_iPad.storyboard */,
				4F7C3D4A187E5C8B003E290D /* CBGaspRestaurants.h */,
				4F7C3D4B187E5C8B003E290D /* CBGaspRestaurants.m */,
				4F7C3D4D187F4800003E290D /* CBGaspReviews.h */,
				4F7C3D4E187F4800003E290D /* CBGaspReviews.m */,
				4F7C3D50187F60A3003E290D /* CBGaspUsers.h */,
				4F7C3D51187F60A3003E290D /* CBGaspUsers.m */,
				4FC7B89F187E2A0700D2B8D7 /* CBViewController.h */,
				4FC7B8A0187E2A0700D2B8D7 /* CBViewController.m */,
				4F7C3D5318876906003E290D /* CBGaspPlaces.h */,
				4F7C3D5418876906003E290D /* CBGaspPlaces.m */,
				4FC7B8A2187E2A0700D2B8D7 /* Images.xcassets */,
				4FC7B88E187E2A0700D2B8D7 /* Supporting Files */,
			);
			path = gasp;
			sourceTree = "<group>";
		};
		4FC7B88E187E2A0700D2B8D7 /* Supporting Files */ = {
			isa = PBXGroup;
			children = (
				4FC7B88F187E2A0700D2B8D7 /* gasp-Info.plist */,
				4FC7B890187E2A0700D2B8D7 /* InfoPlist.strings */,
				4FC7B893187E2A0700D2B8D7 /* main.m */,
				4FC7B895187E2A0700D2B8D7 /* gasp-Prefix.pch */,
			);
			name = "Supporting Files";
			sourceTree = "<group>";
		};
		4FC7B8AF187E2A0700D2B8D7 /* gaspTests */ = {
			isa = PBXGroup;
			children = (
				4FC7B8B5187E2A0700D2B8D7 /* gaspTests.m */,
				4FC7B8B0187E2A0700D2B8D7 /* Supporting Files */,
			);
			path = gaspTests;
			sourceTree = "<group>";
		};
		4FC7B8B0187E2A0700D2B8D7 /* Supporting Files */ = {
			isa = PBXGroup;
			children = (
				4FC7B8B1187E2A0700D2B8D7 /* gaspTests-Info.plist */,
				4FC7B8B2187E2A0700D2B8D7 /* InfoPlist.strings */,
			);
			name = "Supporting Files";
			sourceTree = "<group>";
		};
/* End PBXGroup section */

/* Begin PBXNativeTarget section */
		4FC7B883187E2A0700D2B8D7 /* gasp */ = {
			isa = PBXNativeTarget;
			buildConfigurationList = 4FC7B8B9187E2A0700D2B8D7 /* Build configuration list for PBXNativeTarget "gasp" */;
			buildPhases = (
				4FC7B880187E2A0700D2B8D7 /* Sources */,
				4FC7B881187E2A0700D2B8D7 /* Frameworks */,
				4FC7B882187E2A0700D2B8D7 /* Resources */,
			);
			buildRules = (
			);
			dependencies = (
			);
			name = gasp;
			productName = gasp;
			productReference = 4FC7B884187E2A0700D2B8D7 /* gasp.app */;
			productType = "com.apple.product-type.application";
		};
		4FC7B8A7187E2A0700D2B8D7 /* gaspTests */ = {
			isa = PBXNativeTarget;
			buildConfigurationList = 4FC7B8BC187E2A0700D2B8D7 /* Build configuration list for PBXNativeTarget "gaspTests" */;
			buildPhases = (
				4FC7B8A4187E2A0700D2B8D7 /* Sources */,
				4FC7B8A5187E2A0700D2B8D7 /* Frameworks */,
				4FC7B8A6187E2A0700D2B8D7 /* Resources */,
			);
			buildRules = (
			);
			dependencies = (
				4FC7B8AE187E2A0700D2B8D7 /* PBXTargetDependency */,
			);
			name = gaspTests;
			productName = gaspTests;
			productReference = 4FC7B8A8187E2A0700D2B8D7 /* gaspTests.xctest */;
			productType = "com.apple.product-type.bundle.unit-test";
		};
/* End PBXNativeTarget section */

/* Begin PBXProject section */
		4FC7B87C187E2A0600D2B8D7 /* Project object */ = {
			isa = PBXProject;
			attributes = {
				CLASSPREFIX = CB;
				LastUpgradeCheck = 0500;
				ORGANIZATIONNAME = CloudBees;
				TargetAttributes = {
					4FC7B8A7187E2A0700D2B8D7 = {
						TestTargetID = 4FC7B883187E2A0700D2B8D7;
					};
				};
			};
			buildConfigurationList = 4FC7B87F187E2A0600D2B8D7 /* Build configuration list for PBXProject "gasp" */;
			compatibilityVersion = "Xcode 3.2";
			developmentRegion = English;
			hasScannedForEncodings = 0;
			knownRegions = (
				en,
				Base,
			);
			mainGroup = 4FC7B87B187E2A0600D2B8D7;
			productRefGroup = 4FC7B885187E2A0700D2B8D7 /* Products */;
			projectDirPath = "";
			projectRoot = "";
			targets = (
				4FC7B883187E2A0700D2B8D7 /* gasp */,
				4FC7B8A7187E2A0700D2B8D7 /* gaspTests */,
			);
		};
/* End PBXProject section */

/* Begin PBXResourcesBuildPhase section */
		4FC7B882187E2A0700D2B8D7 /* Resources */ = {
			isa = PBXResourcesBuildPhase;
			buildActionMask = 2147483647;
			files = (
				4FC7B89E187E2A0700D2B8D7 /* Main_iPad.storyboard in Resources */,
				4FC7B8A3187E2A0700D2B8D7 /* Images.xcassets in Resources */,
				4FC7B89B187E2A0700D2B8D7 /* Main_iPhone.storyboard in Resources */,
				4FC7B892187E2A0700D2B8D7 /* InfoPlist.strings in Resources */,
				4FC7B8DA187E2EC200D2B8D7 /* GoogleMaps.bundle in Resources */,
			);
			runOnlyForDeploymentPostprocessing = 0;
		};
		4FC7B8A6187E2A0700D2B8D7 /* Resources */ = {
			isa = PBXResourcesBuildPhase;
			buildActionMask = 2147483647;
			files = (
				4FC7B8B4187E2A0700D2B8D7 /* InfoPlist.strings in Resources */,
			);
			runOnlyForDeploymentPostprocessing = 0;
		};
/* End PBXResourcesBuildPhase section */

/* Begin PBXSourcesBuildPhase section */
		4FC7B880187E2A0700D2B8D7 /* Sources */ = {
			isa = PBXSourcesBuildPhase;
			buildActionMask = 2147483647;
			files = (
				4F7C3D4F187F4800003E290D /* CBGaspReviews.m in Sources */,
				4FC7B894187E2A0700D2B8D7 /* main.m in Sources */,
				4FC7B898187E2A0700D2B8D7 /* CBAppDelegate.m in Sources */,
				4F7C3D4C187E5C8B003E290D /* CBGaspRestaurants.m in Sources */,
				4F7C3D5518876906003E290D /* CBGaspPlaces.m in Sources */,
				4F7C3D52187F60A3003E290D /* CBGaspUsers.m in Sources */,
				4FC7B8A1187E2A0700D2B8D7 /* CBViewController.m in Sources */,
			);
			runOnlyForDeploymentPostprocessing = 0;
		};
		4FC7B8A4187E2A0700D2B8D7 /* Sources */ = {
			isa = PBXSourcesBuildPhase;
			buildActionMask = 2147483647;
			files = (
				4FC7B8B6187E2A0700D2B8D7 /* gaspTests.m in Sources */,
			);
			runOnlyForDeploymentPostprocessing = 0;
		};
/* End PBXSourcesBuildPhase section */

/* Begin PBXTargetDependency section */
		4FC7B8AE187E2A0700D2B8D7 /* PBXTargetDependency */ = {
			isa = PBXTargetDependency;
			target = 4FC7B883187E2A0700D2B8D7 /* gasp */;
			targetProxy = 4FC7B8AD187E2A0700D2B8D7 /* PBXContainerItemProxy */;
		};
/* End PBXTargetDependency section */

/* Begin PBXVariantGroup section */
		4FC7B890187E2A0700D2B8D7 /* InfoPlist.strings */ = {
			isa = PBXVariantGroup;
			children = (
				4FC7B891187E2A0700D2B8D7 /* en */,
			);
			name = InfoPlist.strings;
			sourceTree = "<group>";
		};
		4FC7B899187E2A0700D2B8D7 /* Main_iPhone.storyboard */ = {
			isa = PBXVariantGroup;
			children = (
				4FC7B89A187E2A0700D2B8D7 /* Base */,
			);
			name = Main_iPhone.storyboard;
			sourceTree = "<group>";
		};
		4FC7B89C187E2A0700D2B8D7 /* Main_iPad.storyboard */ = {
			isa = PBXVariantGroup;
			children = (
				4FC7B89D187E2A0700D2B8D7 /* Base */,
			);
			name = Main_iPad.storyboard;
			sourceTree = "<group>";
		};
		4FC7B8B2187E2A0700D2B8D7 /* InfoPlist.strings */ = {
			isa = PBXVariantGroup;
			children = (
				4FC7B8B3187E2A0700D2B8D7 /* en */,
			);
			name = InfoPlist.strings;
			sourceTree = "<group>";
		};
/* End PBXVariantGroup section */

/* Begin XCBuildConfiguration section */
		4FC7B8B7187E2A0700D2B8D7 /* Debug */ = {
			isa = XCBuildConfiguration;
			buildSettings = {
				ALWAYS_SEARCH_USER_PATHS = NO;
				ARCHS = "$(ARCHS_STANDARD_INCLUDING_64_BIT)";
				CLANG_CXX_LANGUAGE_STANDARD = "gnu++0x";
				CLANG_CXX_LIBRARY = "libc++";
				CLANG_ENABLE_MODULES = YES;
				CLANG_ENABLE_OBJC_ARC = YES;
				CLANG_WARN_BOOL_CONVERSION = YES;
				CLANG_WARN_CONSTANT_CONVERSION = YES;
				CLANG_WARN_DIRECT_OBJC_ISA_USAGE = YES_ERROR;
				CLANG_WARN_EMPTY_BODY = YES;
				CLANG_WARN_ENUM_CONVERSION = YES;
				CLANG_WARN_INT_CONVERSION = YES;
				CLANG_WARN_OBJC_ROOT_CLASS = YES_ERROR;
				CLANG_WARN__DUPLICATE_METHOD_MATCH = YES;
				"CODE_SIGN_IDENTITY[sdk=iphoneos*]" = "iPhone Developer";
				COPY_PHASE_STRIP = NO;
				GCC_C_LANGUAGE_STANDARD = gnu99;
				GCC_DYNAMIC_NO_PIC = NO;
				GCC_OPTIMIZATION_LEVEL = 0;
				GCC_PREPROCESSOR_DEFINITIONS = (
					"DEBUG=1",
					"$(inherited)",
				);
				GCC_SYMBOLS_PRIVATE_EXTERN = NO;
				GCC_WARN_64_TO_32_BIT_CONVERSION = YES;
				GCC_WARN_ABOUT_RETURN_TYPE = YES_ERROR;
				GCC_WARN_UNDECLARED_SELECTOR = YES;
				GCC_WARN_UNINITIALIZED_AUTOS = YES;
				GCC_WARN_UNUSED_FUNCTION = YES;
				GCC_WARN_UNUSED_VARIABLE = YES;
				IPHONEOS_DEPLOYMENT_TARGET = 7.0;
				ONLY_ACTIVE_ARCH = YES;
				SDKROOT = iphoneos;
				TARGETED_DEVICE_FAMILY = "1,2";
			};
			name = Debug;
		};
		4FC7B8B8187E2A0700D2B8D7 /* Release */ = {
			isa = XCBuildConfiguration;
			buildSettings = {
				ALWAYS_SEARCH_USER_PATHS = NO;
				ARCHS = "$(ARCHS_STANDARD_INCLUDING_64_BIT)";
				CLANG_CXX_LANGUAGE_STANDARD = "gnu++0x";
				CLANG_CXX_LIBRARY = "libc++";
				CLANG_ENABLE_MODULES = YES;
				CLANG_ENABLE_OBJC_ARC = YES;
				CLANG_WARN_BOOL_CONVERSION = YES;
				CLANG_WARN_CONSTANT_CONVERSION = YES;
				CLANG_WARN_DIRECT_OBJC_ISA_USAGE = YES_ERROR;
				CLANG_WARN_EMPTY_BODY = YES;
				CLANG_WARN_ENUM_CONVERSION = YES;
				CLANG_WARN_INT_CONVERSION = YES;
				CLANG_WARN_OBJC_ROOT_CLASS = YES_ERROR;
				CLANG_WARN__DUPLICATE_METHOD_MATCH = YES;
				"CODE_SIGN_IDENTITY[sdk=iphoneos*]" = "iPhone Developer";
				COPY_PHASE_STRIP = YES;
				ENABLE_NS_ASSERTIONS = NO;
				GCC_C_LANGUAGE_STANDARD = gnu99;
				GCC_WARN_64_TO_32_BIT_CONVERSION = YES;
				GCC_WARN_ABOUT_RETURN_TYPE = YES_ERROR;
				GCC_WARN_UNDECLARED_SELECTOR = YES;
				GCC_WARN_UNINITIALIZED_AUTOS = YES;
				GCC_WARN_UNUSED_FUNCTION = YES;
				GCC_WARN_UNUSED_VARIABLE = YES;
				IPHONEOS_DEPLOYMENT_TARGET = 7.0;
				SDKROOT = iphoneos;
				TARGETED_DEVICE_FAMILY = "1,2";
				VALIDATE_PRODUCT = YES;
			};
			name = Release;
		};
		4FC7B8BA187E2A0700D2B8D7 /* Debug */ = {
			isa = XCBuildConfiguration;
			buildSettings = {
				ASSETCATALOG_COMPILER_APPICON_NAME = AppIcon;
				ASSETCATALOG_COMPILER_LAUNCHIMAGE_NAME = LaunchImage;
				FRAMEWORK_SEARCH_PATHS = (
					"$(inherited)",
					"/Users/markprichard/projects/gasp/gasp-xcode/gasp",
				);
				GCC_PRECOMPILE_PREFIX_HEADER = YES;
				GCC_PREFIX_HEADER = "gasp/gasp-Prefix.pch";
				INFOPLIST_FILE = "gasp/gasp-Info.plist";
				"OTHER_LDFLAGS[arch=*]" = "-ObjC";
				PRODUCT_NAME = "$(TARGET_NAME)";
				WRAPPER_EXTENSION = app;
			};
			name = Debug;
		};
		4FC7B8BB187E2A0700D2B8D7 /* Release */ = {
			isa = XCBuildConfiguration;
			buildSettings = {
				ASSETCATALOG_COMPILER_APPICON_NAME = AppIcon;
				ASSETCATALOG_COMPILER_LAUNCHIMAGE_NAME = LaunchImage;
				FRAMEWORK_SEARCH_PATHS = (
					"$(inherited)",
					"/Users/markprichard/projects/gasp/gasp-xcode/gasp",
				);
				GCC_PRECOMPILE_PREFIX_HEADER = YES;
				GCC_PREFIX_HEADER = "gasp/gasp-Prefix.pch";
				INFOPLIST_FILE = "gasp/gasp-Info.plist";
				"OTHER_LDFLAGS[arch=*]" = "-ObjC";
				PRODUCT_NAME = "$(TARGET_NAME)";
				WRAPPER_EXTENSION = app;
			};
			name = Release;
		};
		4FC7B8BD187E2A0700D2B8D7 /* Debug */ = {
			isa = XCBuildConfiguration;
			buildSettings = {
				ARCHS = "$(ARCHS_STANDARD_INCLUDING_64_BIT)";
				BUNDLE_LOADER = "$(BUILT_PRODUCTS_DIR)/gasp.app/gasp";
				FRAMEWORK_SEARCH_PATHS = (
					"$(SDKROOT)/Developer/Library/Frameworks",
					"$(inherited)",
					"$(DEVELOPER_FRAMEWORKS_DIR)",
				);
				GCC_PRECOMPILE_PREFIX_HEADER = YES;
				GCC_PREFIX_HEADER = "gasp/gasp-Prefix.pch";
				GCC_PREPROCESSOR_DEFINITIONS = (
					"DEBUG=1",
					"$(inherited)",
				);
				INFOPLIST_FILE = "gaspTests/gaspTests-Info.plist";
				PRODUCT_NAME = "$(TARGET_NAME)";
				TEST_HOST = "$(BUNDLE_LOADER)";
				WRAPPER_EXTENSION = xctest;
			};
			name = Debug;
		};
		4FC7B8BE187E2A0700D2B8D7 /* Release */ = {
			isa = XCBuildConfiguration;
			buildSettings = {
				ARCHS = "$(ARCHS_STANDARD_INCLUDING_64_BIT)";
				BUNDLE_LOADER = "$(BUILT_PRODUCTS_DIR)/gasp.app/gasp";
				FRAMEWORK_SEARCH_PATHS = (
					"$(SDKROOT)/Developer/Library/Frameworks",
					"$(inherited)",
					"$(DEVELOPER_FRAMEWORKS_DIR)",
				);
				GCC_PRECOMPILE_PREFIX_HEADER = YES;
				GCC_PREFIX_HEADER = "gasp/gasp-Prefix.pch";
				INFOPLIST_FILE = "gaspTests/gaspTests-Info.plist";
				PRODUCT_NAME = "$(TARGET_NAME)";
				TEST_HOST = "$(BUNDLE_LOADER)";
				WRAPPER_EXTENSION = xctest;
			};
			name = Release;
		};
/* End XCBuildConfiguration section */

/* Begin XCConfigurationList section */
		4FC7B87F187E2A0600D2B8D7 /* Build configuration list for PBXProject "gasp" */ = {
			isa = XCConfigurationList;
			buildConfigurations = (
				4FC7B8B7187E2A0700D2B8D7 /* Debug */,
				4FC7B8B8187E2A0700D2B8D7 /* Release */,
			);
			defaultConfigurationIsVisible = 0;
			defaultConfigurationName = Release;
		};
		4FC7B8B9187E2A0700D2B8D7 /* Build configuration list for PBXNativeTarget "gasp" */ = {
			isa = XCConfigurationList;
			buildConfigurations = (
				4FC7B8BA187E2A0700D2B8D7 /* Debug */,
				4FC7B8BB187E2A0700D2B8D7 /* Release */,
			);
			defaultConfigurationIsVisible = 0;
			defaultConfigurationName = Release;
		};
		4FC7B8BC187E2A0700D2B8D7 /* Build configuration list for PBXNativeTarget "gaspTests" */ = {
			isa = XCConfigurationList;
			buildConfigurations = (
				4FC7B8BD187E2A0700D2B8D7 /* Debug */,
				4FC7B8BE187E2A0700D2B8D7 /* Release */,
			);
			defaultConfigurationIsVisible = 0;
			defaultConfigurationName = Release;
		};
/* End XCConfigurationList section */
	};
	rootObject = 4FC7B87C187E2A0600D2B8D7 /* Project object */;
}
